github.com/bmizerany/assert v0.0.0-20160611221934-b7ed37b82869 h1:DDGfHa7BWjL4YnC6+E63dPcxHo2sUxDIu8g3QgEJdRY=
github.com/bmizerany/assert v0.0.0-20160611221934-b7ed37b82869/go.mod h1:Ekp36dRnpXw/yCqJaO+ZrUyxD+3VXMFFr56k5XYrpB4=
github.com/creack/pty v1.1.9/go.mod h1:oKZEueFk5CKHvIhNR5MUki03XCEU+Q6VDXinZuGJ33E=
github.com/davecgh/go-spew v1.1.1 h1:vj9j/u1bqnvCEfJOwUhtlOARqs3+rkHYY13jYWTU97c=
github.com/davecgh/go-spew v1.1.1/go.mod h1:J7Y8YcW2NihsgmVo/mv3lAwl/skON4iLHjSsI+c5H38=
github.com/gopherjs/gopherjs v1.17.2 h1:fQnZVsXk8uxXIStYb0N4bGk7jeyTalG/wsZjQ25dO0g=
github.com/gopherjs/gopherjs v1.17.2/go.mod h1:pRRIvn/QzFLrKfvEz3qUuEhtE/zLCWfreZ6J5gM2i+k=
github.com/gorilla/context v1.1.2 h1:WRkNAv2uoa03QNIc1A6u4O7DAGMUVoopZhkiXWA2V1o=
github.com/gorilla/context v1.1.2/go.mod h1:KDPwT9i/MeWHiLl90fuTgrt4/wPcv75vFAZLaOOcbxM=
github.com/gorilla/mux v1.8.1 h1:TuBL49tXwgrFYWhqrNgrUNEY92u81SPhu7sTdzQEiWY=
github.com/gorilla/mux v1.8.1/go.mod h1:AKf9I4AEqPTmMytcMc0KkNouC66V3BtZ4qD5fmWSiMQ=
github.com/ian-kent/go-log v0.0.0-20160113211217-5731446c36ab h1:OgrFrYWlVzY7Tc8rq7Y4ErlKo28igc70gbfJGTVWTJk=
github.com/ian-kent/go-log v0.0.0-20160113211217-5731446c36ab/go.mod h1:6HitiSDIbT2r0dab4CoKoMAtR7tb0ORQ3OmjkjCZ+zk=
github.com/jtolds/gls v4.20.0+incompatible h1:xdiiI2gbIgH/gLH7ADydsJ1uDOEzR8yvV7C0MuV77Wo=
github.com/jtolds/gls v4.20.0+incompatible/go.mod h1:QJZ7F/aHp+rZTRtaJ1ow/lLfFfVYBRgL+9YlvaHOwJU=
github.com/kr/pretty v0.3.1 h1:flRD4NNwYAUpkphVc1HcthR4KEIFJ65n8Mw5qdRn3LE=
github.com/kr/pretty v0.3.1/go.mod h1:hoEshYVHaxMs3cyo3Yncou5ZscifuDolrwPKZanG3xk=
github.com/kr/text v0.2.0 h1:5Nx0Ya0ZqY2ygV366QzturHI13Jq95ApcVaJBhpS+AY=
github.com/kr/text v0.2.0/go.mod h1:eLer722TekiGuMkidMxC/pM04lWEeraHUUmBw8l2grE=
github.com/mailcache/envconf v1.0.0 h1:3//11Kuz+KkIxA+VrOiAhSu6Zd8xrQ4iVykyB1QVTok=
github.com/mailcache/envconf v1.0.0/go.mod h1:wyGdEr/lJn2cLsYBR+cTSzYvHLB3jC51rugSCYSwbW4=
github.com/mailcache/go-bindata v1.0.1 h1:f5vBFDm1z09XxJYITWETC2yu3nY+mnbPpCacWQNwNK0=
github.com/mailcache/go-bindata v1.0.1/go.mod h1:z1K/uA6ZpF6NANDBadTj5oTvL2som3dwRd5IUBH5p9M=
github.com/mailcache/go-log v1.0.0 h1:kO03oI+TtkWLZ81DnGfcV92in8w1bXKOXHUtlwfk+4k=
github.com/mailcache/go-log v1.0.0/go.mod h1:zq+jPswb1dxcjkbB92EKBVLgdbPb4UMpOH1UoS4vPrI=
github.com/mailcache/goconvey v0.0.0-20260708225927-56b37a4ace5c h1:tMnjLyGm0qtrunfmh9rVy6OFQadyQHxL/R+swwXn7EE=
github.com/mailcache/goconvey v0.0.0-20260708225927-56b37a4ace5c/go.mod h1:+Z6Tfkd26clerEa7NejqJFazZnRn69gQWeD460vby5M=
github.com/mailcache/http v1.0.0 h1:RXzQuOkunLKSjue1hWkWVArHO4XI7F7uLNCBZtX+Jac=
github.com/mailcache/http v1.0.0/go.mod h1:6C14EiAr25e0Dg7dBVMdVoJH0WZIJI/7bTMxcQjYRMw=
github.com/mailcache/mailcache v1.0.2 h1:cDOhl3+9iSEoxKkhNLJsprcAkLSoYLLkJ/5hQUyLIMI=
github.com/mailcache/mailcache v1.0.2/go.mod h1:9X38nyz0R54mjDjFUn3KnvW7ESA+ikhtALsepn4pc7E=
github.com/mailcache/pat v1.0.0 h1:5ZKtm90mGzs7gpk56rZWDCgg1JWyfWaD1yB+t8v1mKU=
github.com/mailcache/pat v1.0.0/go.mod h1:DDCdyeh42Jlt9eVuYtXP9WmbjfZg/4MWoVFzYSh6DBY=
github.com/philhofer/fwd v1.2.0 h1:e6DnBTl7vGY+Gz322/ASL4Gyp1FspeMvx1RNDoToZuM=
github.com/philhofer/fwd v1.2.0/go.mod h1:RqIHx9QI14HlwKwm98g9Re5prTQ6LdeRQn+gXJFxsJM=
github.com/pmezard/go-difflib v1.0.0 h1:4DBwDE0NGyQoBHbLQYPwSUPoCMWR5BEzIk/f1lZbAQM=
github.com/pmezard/go-difflib v1.0.0/go.mod h1:iKH77koFhYxTK1pcRnkKkqfTogsbg7gZNVY4sRDYZ/4=
github.com/rogpeppe/go-internal v1.15.0 h1:D0RCU5rMAp+SpgkiNdrjfJ+LX4J1M32V2NeCY7EJ6hc=
github.com/rogpeppe/go-internal v1.15.0/go.mod h1:DrUVZyrJU+txYW5/1kwtXQSMFio52ZOxX7yM1VHvnxs=
github.com/smarty/assertions v1.15.1 h1:812oFiXI+G55vxsFf+8bIZ1ux30qtkdqzKbEFwyX3Tk=
github.com/smarty/assertions v1.15.1/go.mod h1:yABtdzeQs6l1brC900WlRNwj6ZR55d7B+E8C6HtKdec=
github.com/smartystreets/goconvey v1.8.1 h1:qGjIddxOk4grTu9JPOU31tVfq3cNdBlNa5sSznIX1xY=
github.com/smartystreets/goconvey v1.8.1/go.mod h1:+/u4qLyY6x1jReYOp7GOM2FSt8aP9CzCZL03bI28W60=
github.com/stretchr/testify v1.11.1 h1:7s2iGBzp5EwR7/aIZr8ao5+dra3wiQyKjjFuvgVKu7U=
github.com/stretchr/testify v1.11.1/go.mod h1:wZwfW3scLgRK+23gO65QZefKpKQRnfz6sD981Nm4B6U=
github.com/t-k/fluent-logger-golang v1.0.0 h1:4IQzY+/l66Zkkhk9eB3LwF9vPkgKHJ1rpYdrRiap0EI=
github.com/t-k/fluent-logger-golang v1.0.0/go.mod h1:6vC3Vzp9Kva0l5J9+YDY5/ROePwkAqwLK+KneCjSm4w=
github.com/tinylib/msgp v1.6.4 h1:mOwYbyYDLPj35mkA2BjjYejgJk9BuHxDdvRnb6v2ZcQ=
github.com/tinylib/msgp v1.6.4/go.mod h1:RSp0LW9oSxFut3KzESt5Voq4GVWyS+PSulT77roAqEA=
golang.org/x/crypto v0.54.0 h1:YLIA59K4fiNzHzjnZt2tUJQjQtUWfWbeHBqKtk3eScw=
golang.org/x/crypto v0.54.0/go.mod h1:KWL8ny2AZdGR2cWmzeHrp2azQPGogOv+HeQaVEXC2dk=
gopkg.in/check.v1 v0.0.0-20161208181325-20d25e280405/go.mod h1:Co6ibVJAznAaIkqp8huTwlJQCZ016jof/cbN4VW5Yz0=
gopkg.in/yaml.v3 v3.0.1 h1:fxVm/GzAzEWqLHuvctI91KS9hhNmmWOoWu0XTYJS7CA=
gopkg.in/yaml.v3 v3.0.1/go.mod h1:K4uyk7z7BCEPqu6E+C64Yfv1cQ7kz7rIZviUmN+EgEM=
